
Microsoft Visual Studio Solution File, Format Version 12.00
# Visual Studio Version 17
VisualStudioVersion = 17.13.35919.96 d17.13
MinimumVisualStudioVersion = 10.0.40219.1
Project("{FAE04EC0-301F-11D3-BF4B-00C04F79EFBC}") = "BuildReceiver", "BuildReceiver\BuildReceiver.csproj", "{B0E7BFC2-F520-4BA7-AC18-23692C66770F}"
EndProject
Global
	GlobalSection(SolutionConfigurationPlatforms) = preSolution
		Debug|Any CPU = Debug|Any CPU
		Release|Any CPU = Release|Any CPU
	EndGlobalSection
	GlobalSection(ProjectConfigurationPlatforms) = postSolution
		{B0E7BFC2-F520-4BA7-AC18-23692C66770F}.Debug|Any CPU.ActiveCfg = Debug|Any CPU
		{B0E7BFC2-F520-4BA7-AC18-23692C66770F}.Debug|Any CPU.Build.0 = Debug|Any CPU
		{B0E7BFC2-F520-4BA7-AC18-23692C66770F}.Release|Any CPU.ActiveCfg = Release|Any CPU
		{B0E7BFC2-F520-4BA7-AC18-23692C66770F}.Release|Any CPU.Build.0 = Release|Any CPU
	EndGlobalSection
	GlobalSection(SolutionProperties) = preSolution
		HideSolutionNode = FALSE
	EndGlobalSection
	GlobalSection(ExtensibilityGlobals) = postSolution
		SolutionGuid = {A6190587-83D5-42FF-81FB-680E7A9A8D2F}
	EndGlobalSection
EndGlobal
